
Microsoft Visual Studio Solution File, Format Version 12.00
# Visual Studio Version 16
VisualStudioVersion = 16.0.31702.278
MinimumVisualStudioVersion = 10.0.40219.1
Project("{FAE04EC0-301F-11D3-BF4B-00C04F79EFBC}") = "WpfNTelefonos1", "WpfNTelefonos1\WpfNTelefonos1.csproj", "{8BB2A1E5-8C01-47E5-A088-E15EE08B9D3F}"
EndProject
Global
	GlobalSection(SolutionConfigurationPlatforms) = preSolution
		Debug|Any CPU = Debug|Any CPU
		Release|Any CPU = Release|Any CPU
	EndGlobalSection
	GlobalSection(ProjectConfigurationPlatforms) = postSolution
		{8BB2A1E5-8C01-47E5-A088-E15EE08B9D3F}.Debug|Any CPU.ActiveCfg = Debug|Any CPU
		{8BB2A1E5-8C01-47E5-A088-E15EE08B9D3F}.Debug|Any CPU.Build.0 = Debug|Any CPU
		{8BB2A1E5-8C01-47E5-A088-E15EE08B9D3F}.Release|Any CPU.ActiveCfg = Release|Any CPU
		{8BB2A1E5-8C01-47E5-A088-E15EE08B9D3F}.Release|Any CPU.Build.0 = Release|Any CPU
	EndGlobalSection
	GlobalSection(SolutionProperties) = preSolution
		HideSolutionNode = FALSE
	EndGlobalSection
	GlobalSection(ExtensibilityGlobals) = postSolution
		SolutionGuid = {2D4D237F-1FFF-488D-86E4-74D7EB0574D3}
	EndGlobalSection
EndGlobal
